
Microsoft Visual Studio Solution File, Format Version 12.00
# Visual Studio Version 16
VisualStudioVersion = 16.0.31105.61
MinimumVisualStudioVersion = 10.0.40219.1
Project("{FAE04EC0-301F-11D3-BF4B-00C04F79EFBC}") = "EjercicioSocket", "EjercicioSocket\EjercicioSocket.csproj", "{74B1196F-0054-45EC-8D49-BD703ADC86AE}"
EndProject
Project("{FAE04EC0-301F-11D3-BF4B-00C04F79EFBC}") = "ServerSocketUtils", "ServerSocketUtils\ServerSocketUtils.csproj", "{56704273-6503-4E17-8991-86B4AA5151C4}"
EndProject
Global
	GlobalSection(SolutionConfigurationPlatforms) = preSolution
		Debug|Any CPU = Debug|Any CPU
		Release|Any CPU = Release|Any CPU
	EndGlobalSection
	GlobalSection(ProjectConfigurationPlatforms) = postSolution
		{74B1196F-0054-45EC-8D49-BD703ADC86AE}.Debug|Any CPU.ActiveCfg = Debug|Any CPU
		{74B1196F-0054-45EC-8D49-BD703ADC86AE}.Debug|Any CPU.Build.0 = Debug|Any CPU
		{74B1196F-0054-45EC-8D49-BD703ADC86AE}.Release|Any CPU.ActiveCfg = Release|Any CPU
		{74B1196F-0054-45EC-8D49-BD703ADC86AE}.Release|Any CPU.Build.0 = Release|Any CPU
		{56704273-6503-4E17-8991-86B4AA5151C4}.Debug|Any CPU.ActiveCfg = Debug|Any CPU
		{56704273-6503-4E17-8991-86B4AA5151C4}.Debug|Any CPU.Build.0 = Debug|Any CPU
		{56704273-6503-4E17-8991-86B4AA5151C4}.Release|Any CPU.ActiveCfg = Release|Any CPU
		{56704273-6503-4E17-8991-86B4AA5151C4}.Release|Any CPU.Build.0 = Release|Any CPU
	EndGlobalSection
	GlobalSection(SolutionProperties) = preSolution
		HideSolutionNode = FALSE
	EndGlobalSection
	GlobalSection(ExtensibilityGlobals) = postSolution
		SolutionGuid = {8CE3065A-9753-423E-B422-14E1867DBB3C}
	EndGlobalSection
EndGlobal
