
Microsoft Visual Studio Solution File, Format Version 12.00
# Visual Studio Version 16
VisualStudioVersion = 16.0.31105.61
MinimumVisualStudioVersion = 10.0.40219.1
Project("{FAE04EC0-301F-11D3-BF4B-00C04F79EFBC}") = "StarCapWeb", "StarCapWeb\StarCapWeb.csproj", "{B979C5F1-1AE5-4C71-B800-A1A2F265C0E1}"
EndProject
Project("{FAE04EC0-301F-11D3-BF4B-00C04F79EFBC}") = "StarCapModel", "StarCapModel\StarCapModel.csproj", "{FC84A6F2-40F7-4F57-939C-4B5ABFB30994}"
EndProject
Global
	GlobalSection(SolutionConfigurationPlatforms) = preSolution
		Debug|Any CPU = Debug|Any CPU
		Release|Any CPU = Release|Any CPU
	EndGlobalSection
	GlobalSection(ProjectConfigurationPlatforms) = postSolution
		{B979C5F1-1AE5-4C71-B800-A1A2F265C0E1}.Debug|Any CPU.ActiveCfg = Debug|Any CPU
		{B979C5F1-1AE5-4C71-B800-A1A2F265C0E1}.Debug|Any CPU.Build.0 = Debug|Any CPU
		{B979C5F1-1AE5-4C71-B800-A1A2F265C0E1}.Release|Any CPU.ActiveCfg = Release|Any CPU
		{B979C5F1-1AE5-4C71-B800-A1A2F265C0E1}.Release|Any CPU.Build.0 = Release|Any CPU
		{FC84A6F2-40F7-4F57-939C-4B5ABFB30994}.Debug|Any CPU.ActiveCfg = Debug|Any CPU
		{FC84A6F2-40F7-4F57-939C-4B5ABFB30994}.Debug|Any CPU.Build.0 = Debug|Any CPU
		{FC84A6F2-40F7-4F57-939C-4B5ABFB30994}.Release|Any CPU.ActiveCfg = Release|Any CPU
		{FC84A6F2-40F7-4F57-939C-4B5ABFB30994}.Release|Any CPU.Build.0 = Release|Any CPU
	EndGlobalSection
	GlobalSection(SolutionProperties) = preSolution
		HideSolutionNode = FALSE
	EndGlobalSection
	GlobalSection(ExtensibilityGlobals) = postSolution
		SolutionGuid = {3B29A26F-2B23-4ABD-8632-14B1DF64FAE2}
	EndGlobalSection
EndGlobal
