
Microsoft Visual Studio Solution File, Format Version 12.00
# Visual Studio Version 16
VisualStudioVersion = 16.0.31105.61
MinimumVisualStudioVersion = 10.0.40219.1
Project("{FAE04EC0-301F-11D3-BF4B-00C04F79EFBC}") = "EventosWEB", "EventosWEB\EventosWEB.csproj", "{36C61047-450B-42B6-9513-AC68D509DB3E}"
EndProject
Project("{FAE04EC0-301F-11D3-BF4B-00C04F79EFBC}") = "EventosModel", "EventosModel\EventosModel.csproj", "{25BF4A10-B3FD-46CD-A575-6AD9F090C6A4}"
EndProject
Global
	GlobalSection(SolutionConfigurationPlatforms) = preSolution
		Debug|Any CPU = Debug|Any CPU
		Release|Any CPU = Release|Any CPU
	EndGlobalSection
	GlobalSection(ProjectConfigurationPlatforms) = postSolution
		{36C61047-450B-42B6-9513-AC68D509DB3E}.Debug|Any CPU.ActiveCfg = Debug|Any CPU
		{36C61047-450B-42B6-9513-AC68D509DB3E}.Debug|Any CPU.Build.0 = Debug|Any CPU
		{36C61047-450B-42B6-9513-AC68D509DB3E}.Release|Any CPU.ActiveCfg = Release|Any CPU
		{36C61047-450B-42B6-9513-AC68D509DB3E}.Release|Any CPU.Build.0 = Release|Any CPU
		{25BF4A10-B3FD-46CD-A575-6AD9F090C6A4}.Debug|Any CPU.ActiveCfg = Debug|Any CPU
		{25BF4A10-B3FD-46CD-A575-6AD9F090C6A4}.Debug|Any CPU.Build.0 = Debug|Any CPU
		{25BF4A10-B3FD-46CD-A575-6AD9F090C6A4}.Release|Any CPU.ActiveCfg = Release|Any CPU
		{25BF4A10-B3FD-46CD-A575-6AD9F090C6A4}.Release|Any CPU.Build.0 = Release|Any CPU
	EndGlobalSection
	GlobalSection(SolutionProperties) = preSolution
		HideSolutionNode = FALSE
	EndGlobalSection
	GlobalSection(ExtensibilityGlobals) = postSolution
		SolutionGuid = {DAE19E67-ABA1-46EA-AF6A-E0CFBE2FD24D}
	EndGlobalSection
EndGlobal
